{
  "requires": true,
  "lockfileVersion": 1,
  "dependencies": {
    "jquery": {
      "version": "2.1.4",
      "resolved": "http://registry.npm.taobao.org/jquery/download/jquery-2.1.4.tgz",
      "integrity": "sha1-IoveaYoMYUMdwmMKahVPFYkNIxc="
    },
    "simditor": {
      "version": "2.3.19",
      "resolved": "http://registry.npm.taobao.org/simditor/download/simditor-2.3.19.tgz",
      "integrity": "sha1-y5i/OwAxcQIY4iOPQf1LJPYcBE0=",
      "requires": {
        "jquery": "~2.1.4",
        "simple-hotkeys": "~1.0.3",
        "simple-module": "~2.0.6",
        "simple-uploader": "~2.0.7"
      }
    },
    "simple-hotkeys": {
      "version": "1.0.3",
      "resolved": "http://registry.npm.taobao.org/simple-hotkeys/download/simple-hotkeys-1.0.3.tgz",
      "integrity": "sha1-R6W8NTYspzOWEb0JqE+jeBiwu8Y=",
      "requires": {
        "jquery": "2.x",
        "simple-module": "~2.0.5"
      }
    },
    "simple-module": {
      "version": "2.0.6",
      "resolved": "http://registry.npm.taobao.org/simple-module/download/simple-module-2.0.6.tgz",
      "integrity": "sha1-zsglAyX4x/V19Kp1yRmzg5amA3s=",
      "requires": {
        "jquery": "2.x"
      }
    },
    "simple-uploader": {
      "version": "2.0.8",
      "resolved": "http://registry.npm.taobao.org/simple-uploader/download/simple-uploader-2.0.8.tgz",
      "integrity": "sha1-X8QQbG2Wiws1MpPjsWCUqv3pV7o=",
      "requires": {
        "jquery": "2.x",
        "simple-module": "~2.0.5"
      }
    }
  }
}
